
Microsoft Visual Studio Solution File, Format Version 11.00
# Visual Studio 2010
Project("{FAE04EC0-301F-11D3-BF4B-00C04F79EFBC}") = "Assembly-CSharp", "Assembly-CSharp.csproj", "{AC2FBA93-A556-A4CF-DA14-07BD793C4406}"
EndProject
Project("{FAE04EC0-301F-11D3-BF4B-00C04F79EFBC}") = "AstarPathfindingProject", "AstarPathfindingProject.csproj", "{1D2E0C5B-27A4-7A95-9BD9-29179AD3CCDC}"
EndProject
Project("{FAE04EC0-301F-11D3-BF4B-00C04F79EFBC}") = "Oculus.VR", "Oculus.VR.csproj", "{FA3C1176-7F20-C322-654E-2E5F30089E5C}"
EndProject
Project("{FAE04EC0-301F-11D3-BF4B-00C04F79EFBC}") = "AstarPathfindingProjectEditor", "AstarPathfindingProjectEditor.csproj", "{13EE90B1-1FBE-580B-EDA5-85EC0DA55EC4}"
EndProject
Project("{FAE04EC0-301F-11D3-BF4B-00C04F79EFBC}") = "Assembly-CSharp-Editor", "Assembly-CSharp-Editor.csproj", "{00BB42BA-F97E-2FBE-A00A-50FA3C561860}"
EndProject
Project("{FAE04EC0-301F-11D3-BF4B-00C04F79EFBC}") = "Oculus.VR.Scripts.Editor", "Oculus.VR.Scripts.Editor.csproj", "{492B5CF6-C7ED-78A4-00A0-E3D37EB84E4D}"
EndProject
Project("{FAE04EC0-301F-11D3-BF4B-00C04F79EFBC}") = "Oculus.VR.Editor", "Oculus.VR.Editor.csproj", "{274FB8D0-631B-F8F9-FC0E-2B12206827D0}"
EndProject
Project("{FAE04EC0-301F-11D3-BF4B-00C04F79EFBC}") = "PackageToolsEditor", "PackageToolsEditor.csproj", "{04E92702-1D07-1F7C-A782-B7D6C5F76FA2}"
EndProject
Global
	GlobalSection(SolutionConfigurationPlatforms) = preSolution
		Debug|Any CPU = Debug|Any CPU
		Release|Any CPU = Release|Any CPU
	EndGlobalSection
	GlobalSection(ProjectConfigurationPlatforms) = postSolution
		{AC2FBA93-A556-A4CF-DA14-07BD793C4406}.Debug|Any CPU.ActiveCfg = Debug|Any CPU
		{AC2FBA93-A556-A4CF-DA14-07BD793C4406}.Debug|Any CPU.Build.0 = Debug|Any CPU
		{AC2FBA93-A556-A4CF-DA14-07BD793C4406}.Release|Any CPU.ActiveCfg = Release|Any CPU
		{AC2FBA93-A556-A4CF-DA14-07BD793C4406}.Release|Any CPU.Build.0 = Release|Any CPU
		{1D2E0C5B-27A4-7A95-9BD9-29179AD3CCDC}.Debug|Any CPU.ActiveCfg = Debug|Any CPU
		{1D2E0C5B-27A4-7A95-9BD9-29179AD3CCDC}.Debug|Any CPU.Build.0 = Debug|Any CPU
		{1D2E0C5B-27A4-7A95-9BD9-29179AD3CCDC}.Release|Any CPU.ActiveCfg = Release|Any CPU
		{1D2E0C5B-27A4-7A95-9BD9-29179AD3CCDC}.Release|Any CPU.Build.0 = Release|Any CPU
		{FA3C1176-7F20-C322-654E-2E5F30089E5C}.Debug|Any CPU.ActiveCfg = Debug|Any CPU
		{FA3C1176-7F20-C322-654E-2E5F30089E5C}.Debug|Any CPU.Build.0 = Debug|Any CPU
		{FA3C1176-7F20-C322-654E-2E5F30089E5C}.Release|Any CPU.ActiveCfg = Release|Any CPU
		{FA3C1176-7F20-C322-654E-2E5F30089E5C}.Release|Any CPU.Build.0 = Release|Any CPU
		{13EE90B1-1FBE-580B-EDA5-85EC0DA55EC4}.Debug|Any CPU.ActiveCfg = Debug|Any CPU
		{13EE90B1-1FBE-580B-EDA5-85EC0DA55EC4}.Debug|Any CPU.Build.0 = Debug|Any CPU
		{13EE90B1-1FBE-580B-EDA5-85EC0DA55EC4}.Release|Any CPU.ActiveCfg = Release|Any CPU
		{13EE90B1-1FBE-580B-EDA5-85EC0DA55EC4}.Release|Any CPU.Build.0 = Release|Any CPU
		{00BB42BA-F97E-2FBE-A00A-50FA3C561860}.Debug|Any CPU.ActiveCfg = Debug|Any CPU
		{00BB42BA-F97E-2FBE-A00A-50FA3C561860}.Debug|Any CPU.Build.0 = Debug|Any CPU
		{00BB42BA-F97E-2FBE-A00A-50FA3C561860}.Release|Any CPU.ActiveCfg = Release|Any CPU
		{00BB42BA-F97E-2FBE-A00A-50FA3C561860}.Release|Any CPU.Build.0 = Release|Any CPU
		{492B5CF6-C7ED-78A4-00A0-E3D37EB84E4D}.Debug|Any CPU.ActiveCfg = Debug|Any CPU
		{492B5CF6-C7ED-78A4-00A0-E3D37EB84E4D}.Debug|Any CPU.Build.0 = Debug|Any CPU
		{492B5CF6-C7ED-78A4-00A0-E3D37EB84E4D}.Release|Any CPU.ActiveCfg = Release|Any CPU
		{492B5CF6-C7ED-78A4-00A0-E3D37EB84E4D}.Release|Any CPU.Build.0 = Release|Any CPU
		{274FB8D0-631B-F8F9-FC0E-2B12206827D0}.Debug|Any CPU.ActiveCfg = Debug|Any CPU
		{274FB8D0-631B-F8F9-FC0E-2B12206827D0}.Debug|Any CPU.Build.0 = Debug|Any CPU
		{274FB8D0-631B-F8F9-FC0E-2B12206827D0}.Release|Any CPU.ActiveCfg = Release|Any CPU
		{274FB8D0-631B-F8F9-FC0E-2B12206827D0}.Release|Any CPU.Build.0 = Release|Any CPU
		{04E92702-1D07-1F7C-A782-B7D6C5F76FA2}.Debug|Any CPU.ActiveCfg = Debug|Any CPU
		{04E92702-1D07-1F7C-A782-B7D6C5F76FA2}.Debug|Any CPU.Build.0 = Debug|Any CPU
		{04E92702-1D07-1F7C-A782-B7D6C5F76FA2}.Release|Any CPU.ActiveCfg = Release|Any CPU
		{04E92702-1D07-1F7C-A782-B7D6C5F76FA2}.Release|Any CPU.Build.0 = Release|Any CPU
	EndGlobalSection
	GlobalSection(SolutionProperties) = preSolution
		HideSolutionNode = FALSE
	EndGlobalSection
	GlobalSection(MonoDevelopProperties) = preSolution
		StartupItem = Assembly-CSharp.csproj
	EndGlobalSection
EndGlobal
